version = 1
revision = 3
requires-python = ">=3.14"
resolution-markers = [
    "sys_platform == 'win32'",
    "sys_platform == 'emscripten'",
    "sys_platform != 'emscripten' and sys_platform != 'win32'",
]

[[package]]
name = "greenlet"
version = "3.4.0"
source = { registry = "https://pypi.org/simple" }
sdist = { url = "https://files.pythonhosted.org/packages/86/94/a5935717b307d7c71fe877b52b884c6af707d2d2090db118a03fbd799369/greenlet-3.4.0.tar.gz", hash = "sha256:f50a96b64dafd6169e595a5c56c9146ef80333e67d4476a65a9c55f400fc22ff", size = 195913, upload-time = "2026-04-08T17:08:00.863Z" }
wheels = [
    { url = "https://files.pythonhosted.org/packages/78/02/bde66806e8f169cf90b14d02c500c44cdbe02c8e224c9c67bafd1b8cadd1/greenlet-3.4.0-cp314-cp314-macosx_11_0_universal2.whl", hash = "sha256:10a07aca6babdd18c16a3f4f8880acfffc2b88dfe431ad6aa5f5740759d7d75e", size = 286291, upload-time = "2026-04-08T17:09:34.307Z" },
    { url = "https://files.pythonhosted.org/packages/05/1f/39da1c336a87d47c58352fb8a78541ce63d63ae57c5b9dae1fe02801bbc2/greenlet-3.4.0-cp314-cp314-manylinux_2_24_aarch64.manylinux_2_28_aarch64.whl", hash = "sha256:076e21040b3a917d3ce4ad68fb5c3c6b32f1405616c4a57aa83120979649bd3d", size = 656749, upload-time = "2026-04-08T16:24:41.721Z" },
    { url = "https://files.pythonhosted.org/packages/d3/6c/90ee29a4ee27af7aa2e2ec408799eeb69ee3fcc5abcecac6ddd07a5cd0f2/greenlet-3.4.0-cp314-cp314-manylinux_2_24_ppc64le.manylinux_2_28_ppc64le.whl", hash = "sha256:e82689eea4a237e530bb5cb41b180ef81fa2160e1f89422a67be7d90da67f615", size = 669084, upload-time = "2026-04-08T16:31:01.372Z" },
    { url = "https://files.pythonhosted.org/packages/07/49/d4cad6e5381a50947bb973d2f6cf6592621451b09368b8c20d9b8af49c5b/greenlet-3.4.0-cp314-cp314-manylinux_2_24_x86_64.manylinux_2_28_x86_64.whl", hash = "sha256:4df3b0b2289ec686d3c821a5fee44259c05cfe824dd5e6e12c8e5f5df23085cf", size = 665621, upload-time = "2026-04-08T15:56:35.995Z" },
    { url = "https://files.pythonhosted.org/packages/37/31/d1edd54f424761b5d47718822f506b435b6aab2f3f93b465441143ea5119/greenlet-3.4.0-cp314-cp314-musllinux_1_2_aarch64.whl", hash = "sha256:8bff29d586ea415688f4cec96a591fcc3bf762d046a796cdadc1fdb6e7f2d5bf", size = 1622259, upload-time = "2026-04-08T16:26:23.201Z" },
    { url = "https://files.pythonhosted.org/packages/b0/c6/6d3f9cdcb21c4e12a79cb332579f1c6aa1af78eb68059c5a957c7812d95e/greenlet-3.4.0-cp314-cp314-musllinux_1_2_x86_64.whl", hash = "sha256:8a569c2fb840c53c13a2b8967c63621fafbd1a0e015b9c82f408c33d626a2fda", size = 1686916, upload-time = "2026-04-08T15:57:34.282Z" },
    { url = "https://files.pythonhosted.org/packages/63/45/c1ca4a1ad975de4727e52d3ffe641ae23e1d7a8ffaa8ff7a0477e1827b92/greenlet-3.4.0-cp314-cp314-win_amd64.whl", hash = "sha256:207ba5b97ea8b0b60eb43ffcacf26969dd83726095161d676aac03ff913ee50d", size = 239821, upload-time = "2026-04-08T17:03:48.423Z" },
    { url = "https://files.pythonhosted.org/packages/71/c4/6f621023364d7e85a4769c014c8982f98053246d142420e0328980933ceb/greenlet-3.4.0-cp314-cp314-win_arm64.whl", hash = "sha256:f8296d4e2b92af34ebde81085a01690f26a51eb9ac09a0fcadb331eb36dbc802", size = 236932, upload-time = "2026-04-08T17:04:33.551Z" },
    { url = "https://files.pythonhosted.org/packages/d4/8f/18d72b629783f5e8d045a76f5325c1e938e659a9e4da79c7dcd10169a48d/greenlet-3.4.0-cp314-cp314t-macosx_11_0_universal2.whl", hash = "sha256:d70012e51df2dbbccfaf63a40aaf9b40c8bed37c3e3a38751c926301ce538ece", size = 294681, upload-time = "2026-04-08T15:52:35.778Z" },
    { url = "https://files.pythonhosted.org/packages/9e/ad/5fa86ec46769c4153820d58a04062285b3b9e10ba3d461ee257b68dcbf53/greenlet-3.4.0-cp314-cp314t-manylinux_2_24_aarch64.manylinux_2_28_aarch64.whl", hash = "sha256:a58bec0751f43068cd40cff31bb3ca02ad6000b3a51ca81367af4eb5abc480c8", size = 658899, upload-time = "2026-04-08T16:24:43.32Z" },
    { url = "https://files.pythonhosted.org/packages/43/f0/4e8174ca0e87ae748c409f055a1ba161038c43cc0a5a6f1433a26ac2e5bf/greenlet-3.4.0-cp314-cp314t-manylinux_2_24_ppc64le.manylinux_2_28_ppc64le.whl", hash = "sha256:05fa0803561028f4b2e3b490ee41216a842eaee11aed004cc343a996d9523aa2", size = 665284, upload-time = "2026-04-08T16:31:02.833Z" },
    { url = "https://files.pythonhosted.org/packages/19/da/991cf7cd33662e2df92a1274b7eb4d61769294d38a1bba8a45f31364845e/greenlet-3.4.0-cp314-cp314t-manylinux_2_24_x86_64.manylinux_2_28_x86_64.whl", hash = "sha256:e60d38719cb80b3ab5e85f9f1aed4960acfde09868af6762ccb27b260d68f4ed", size = 661861, upload-time = "2026-04-08T15:56:37.269Z" },
    { url = "https://files.pythonhosted.org/packages/36/c5/6c2c708e14db3d9caea4b459d8464f58c32047451142fe2cfd90e7458f41/greenlet-3.4.0-cp314-cp314t-musllinux_1_2_aarch64.whl", hash = "sha256:7f50c804733b43eded05ae694691c9aa68bca7d0a867d67d4a3f514742a2d53f", size = 1622182, upload-time = "2026-04-08T16:26:24.777Z" },
    { url = "https://files.pythonhosted.org/packages/7a/4c/50c5fed19378e11a29fabab1f6be39ea95358f4a0a07e115a51ca93385d8/greenlet-3.4.0-cp314-cp314t-musllinux_1_2_x86_64.whl", hash = "sha256:2d4f0635dc4aa638cda4b2f5a07ae9a2cff9280327b581a3fcb6f317b4fbc38a", size = 1685050, upload-time = "2026-04-08T15:57:36.453Z" },
    { url = "https://files.pythonhosted.org/packages/db/72/85ae954d734703ab48e622c59d4ce35d77ce840c265814af9c078cacc7aa/greenlet-3.4.0-cp314-cp314t-win_amd64.whl", hash = "sha256:1a4a48f24681300c640f143ba7c404270e1ebbbcf34331d7104a4ff40f8ea705", size = 245554, upload-time = "2026-04-08T17:03:50.044Z" },
]

[[package]]
name = "incedotraining"
version = "0.1.0"
source = { virtual = "." }
dependencies = [
    { name = "mysql-connector-python" },
    { name = "sqlalchemy" },
]

[package.metadata]
requires-dist = [
    { name = "mysql-connector-python", specifier = "==8.0.33" },
    { name = "sqlalchemy", specifier = "==1.4.46" },
]

[[package]]
name = "mysql-connector-python"
version = "8.0.33"
source = { registry = "https://pypi.org/simple" }
dependencies = [
    { name = "protobuf" },
]
sdist = { url = "https://files.pythonhosted.org/packages/ac/b1/5cd6ee1bc750436e1ad2ca1e63d55c7611041c3d047f90123d28eaffc5e4/mysql-connector-python-8.0.33.tar.gz", hash = "sha256:9775331fa60b5d5a6925781d77eee4384e2b54a12dea694ffdefd1cf1a9c0fdb", size = 324946, upload-time = "2023-04-18T07:05:10.371Z" }
wheels = [
    { url = "https://files.pythonhosted.org/packages/a9/98/3cd603a0130a4bc088942b51c142ce13de3bf21a26b4f960527859a780da/mysql_connector_python-8.0.33-py2.py3-none-any.whl", hash = "sha256:c20a85a69af41d2d7d5cf52106f0b9473775819d189487c6ff3d3f3946931ca2", size = 390125, upload-time = "2023-04-18T07:05:06.097Z" },
]

[[package]]
name = "protobuf"
version = "3.20.3"
source = { registry = "https://pypi.org/simple" }
sdist = { url = "https://files.pythonhosted.org/packages/55/5b/e3d951e34f8356e5feecacd12a8e3b258a1da6d9a03ad1770f28925f29bc/protobuf-3.20.3.tar.gz", hash = "sha256:2e3427429c9cffebf259491be0af70189607f365c2f41c7c3764af6f337105f2", size = 216768, upload-time = "2022-09-29T22:39:47.592Z" }
wheels = [
    { url = "https://files.pythonhosted.org/packages/8d/14/619e24a4c70df2901e1f4dbc50a6291eb63a759172558df326347dce1f0d/protobuf-3.20.3-py2.py3-none-any.whl", hash = "sha256:a7ca6d488aa8ff7f329d4c545b2dbad8ac31464f1d8b1c87ad1346717731e4db", size = 162128, upload-time = "2022-09-29T22:39:44.547Z" },
]

[[package]]
name = "sqlalchemy"
version = "1.4.46"
source = { registry = "https://pypi.org/simple" }
dependencies = [
    { name = "greenlet", marker = "platform_machine == 'AMD64' or platform_machine == 'WIN32' or platform_machine == 'aarch64' or platform_machine == 'amd64' or platform_machine == 'ppc64le' or platform_machine == 'win32' or platform_machine == 'x86_64'" },
]
sdist = { url = "https://files.pythonhosted.org/packages/af/ae/8d8e67f2691f0fdb845df90013d68c12a9127e009b4dedc34a3228f4e5ad/SQLAlchemy-1.4.46.tar.gz", hash = "sha256:6913b8247d8a292ef8315162a51931e2b40ce91681f1b6f18f697045200c4a30", size = 8544238, upload-time = "2023-01-03T20:16:58.23Z" }
